
Microsoft Visual Studio Solution File, Format Version 12.00
# Visual Studio 15
VisualStudioVersion = 15.0.28307.168
MinimumVisualStudioVersion = 10.0.40219.1
Project("{FAE04EC0-301F-11D3-BF4B-00C04F79EFBC}") = "InClass_Age_Program", "InClass_Age_Program\InClass_Age_Program.csproj", "{8EFD4258-AAEC-450E-A0D7-7EB2E6465469}"
EndProject
Global
	GlobalSection(SolutionConfigurationPlatforms) = preSolution
		Debug|Any CPU = Debug|Any CPU
		Release|Any CPU = Release|Any CPU
	EndGlobalSection
	GlobalSection(ProjectConfigurationPlatforms) = postSolution
		{8EFD4258-AAEC-450E-A0D7-7EB2E6465469}.Debug|Any CPU.ActiveCfg = Debug|Any CPU
		{8EFD4258-AAEC-450E-A0D7-7EB2E6465469}.Debug|Any CPU.Build.0 = Debug|Any CPU
		{8EFD4258-AAEC-450E-A0D7-7EB2E6465469}.Release|Any CPU.ActiveCfg = Release|Any CPU
		{8EFD4258-AAEC-450E-A0D7-7EB2E6465469}.Release|Any CPU.Build.0 = Release|Any CPU
	EndGlobalSection
	GlobalSection(SolutionProperties) = preSolution
		HideSolutionNode = FALSE
	EndGlobalSection
	GlobalSection(ExtensibilityGlobals) = postSolution
		SolutionGuid = {1679D0F7-10CE-403E-9ECC-E7C695AB39FB}
	EndGlobalSection
EndGlobal
